
Microsoft Visual Studio Solution File, Format Version 12.00
# Visual Studio 15
VisualStudioVersion = 15.0.27428.2037
MinimumVisualStudioVersion = 10.0.40219.1
Project("{FAE04EC0-301F-11D3-BF4B-00C04F79EFBC}") = "RelayClient", "RelayClient\RelayClient.csproj", "{CFEAB73B-F304-46D5-9040-C1A56D4DBF35}"
EndProject
Global
	GlobalSection(SolutionConfigurationPlatforms) = preSolution
		Debug|Any CPU = Debug|Any CPU
		Release|Any CPU = Release|Any CPU
	EndGlobalSection
	GlobalSection(ProjectConfigurationPlatforms) = postSolution
		{CFEAB73B-F304-46D5-9040-C1A56D4DBF35}.Debug|Any CPU.ActiveCfg = Debug|Any CPU
		{CFEAB73B-F304-46D5-9040-C1A56D4DBF35}.Debug|Any CPU.Build.0 = Debug|Any CPU
		{CFEAB73B-F304-46D5-9040-C1A56D4DBF35}.Release|Any CPU.ActiveCfg = Release|Any CPU
		{CFEAB73B-F304-46D5-9040-C1A56D4DBF35}.Release|Any CPU.Build.0 = Release|Any CPU
	EndGlobalSection
	GlobalSection(SolutionProperties) = preSolution
		HideSolutionNode = FALSE
	EndGlobalSection
	GlobalSection(ExtensibilityGlobals) = postSolution
		SolutionGuid = {4FF6CD77-7CFB-43BC-B10D-E37EE1EED501}
	EndGlobalSection
EndGlobal
